
Microsoft Visual Studio Solution File, Format Version 12.00
# Visual Studio 14
VisualStudioVersion = 14.0.25420.1
MinimumVisualStudioVersion = 10.0.40219.1
Project("{FAE04EC0-301F-11D3-BF4B-00C04F79EFBC}") = "UltimateTvGuide.Service", "UltimateTvGuide.Service\UltimateTvGuide.Service.csproj", "{BC26B10B-EE85-4CA0-90A3-2493BAE996C1}"
EndProject
Project("{FAE04EC0-301F-11D3-BF4B-00C04F79EFBC}") = "UltimateTvGuide.Web", "UltimateTvGuide.Web\UltimateTvGuide.Web.csproj", "{D1F761C0-3F75-48DF-BB70-3F58A8CBD83B}"
EndProject
Project("{FAE04EC0-301F-11D3-BF4B-00C04F79EFBC}") = "UltimateTvGuide.Domain", "UltimateTvGuide.Domain\UltimateTvGuide.Domain.csproj", "{89305474-B66D-4A06-82A4-39A6B16FD685}"
EndProject
Global
	GlobalSection(SolutionConfigurationPlatforms) = preSolution
		Debug|Any CPU = Debug|Any CPU
		Release|Any CPU = Release|Any CPU
	EndGlobalSection
	GlobalSection(ProjectConfigurationPlatforms) = postSolution
		{BC26B10B-EE85-4CA0-90A3-2493BAE996C1}.Debug|Any CPU.ActiveCfg = Debug|Any CPU
		{BC26B10B-EE85-4CA0-90A3-2493BAE996C1}.Debug|Any CPU.Build.0 = Debug|Any CPU
		{BC26B10B-EE85-4CA0-90A3-2493BAE996C1}.Release|Any CPU.ActiveCfg = Release|Any CPU
		{BC26B10B-EE85-4CA0-90A3-2493BAE996C1}.Release|Any CPU.Build.0 = Release|Any CPU
		{D1F761C0-3F75-48DF-BB70-3F58A8CBD83B}.Debug|Any CPU.ActiveCfg = Debug|Any CPU
		{D1F761C0-3F75-48DF-BB70-3F58A8CBD83B}.Debug|Any CPU.Build.0 = Debug|Any CPU
		{D1F761C0-3F75-48DF-BB70-3F58A8CBD83B}.Release|Any CPU.ActiveCfg = Release|Any CPU
		{D1F761C0-3F75-48DF-BB70-3F58A8CBD83B}.Release|Any CPU.Build.0 = Release|Any CPU
		{89305474-B66D-4A06-82A4-39A6B16FD685}.Debug|Any CPU.ActiveCfg = Debug|Any CPU
		{89305474-B66D-4A06-82A4-39A6B16FD685}.Debug|Any CPU.Build.0 = Debug|Any CPU
		{89305474-B66D-4A06-82A4-39A6B16FD685}.Release|Any CPU.ActiveCfg = Release|Any CPU
		{89305474-B66D-4A06-82A4-39A6B16FD685}.Release|Any CPU.Build.0 = Release|Any CPU
	EndGlobalSection
	GlobalSection(SolutionProperties) = preSolution
		HideSolutionNode = FALSE
	EndGlobalSection
EndGlobal
